{
  "version": 4,
  "terraform_version": "1.2.7",
  "serial": 137,
  "lineage": "3146865e-da02-82ce-5dfe-4ed711f931c0",
  "outputs": {},
  "resources": [
    {
      "mode": "data",
      "type": "aws_instances",
      "name": "dublin_instances",
      "provider": "provider[\"registry.terraform.io/hashicorp/aws\"]",
      "instances": [
        {
          "schema_version": 0,
          "attributes": {
            "filter": null,
            "id": "eu-west-2",
            "ids": [],
            "instance_state_names": [
              "running"
            ],
            "instance_tags": {
              "Name": "cdn-pop"
            },
            "private_ips": [],
            "public_ips": [],
            "timeouts": null
          },
          "sensitive_attributes": []
        }
      ]
    },
    {
      "mode": "managed",
      "type": "aws_instance",
      "name": "DIYCDN_POP_dublin",
      "provider": "provider[\"registry.terraform.io/hashicorp/aws\"]",
      "instances": [
        {
          "index_key": 0,
          "schema_version": 1,
          "attributes": {
            "ami": "ami-03ac5a9b225e99b02",
            "arn": "arn:aws:ec2:eu-west-2:878760020695:instance/i-0a2017ec11f2c7edc",
            "associate_public_ip_address": true,
            "availability_zone": "eu-west-2a",
            "capacity_reservation_specification": [
              {
                "capacity_reservation_preference": "open",
                "capacity_reservation_target": []
              }
            ],
            "cpu_core_count": 1,
            "cpu_threads_per_core": 2,
            "credit_specification": [
              {
                "cpu_credits": "unlimited"
              }
            ],
            "disable_api_stop": false,
            "disable_api_termination": false,
            "ebs_block_device": [],
            "ebs_optimized": false,
            "enclave_options": [
              {
                "enabled": false
              }
            ],
            "ephemeral_block_device": [],
            "get_password_data": false,
            "hibernation": false,
            "host_id": null,
            "iam_instance_profile": "",
            "id": "i-0a2017ec11f2c7edc",
            "instance_initiated_shutdown_behavior": "stop",
            "instance_state": "running",
            "instance_type": "t3a.micro",
            "ipv6_address_count": 0,
            "ipv6_addresses": [],
            "key_name": "cdn-pop-eu-west-2-key",
            "launch_template": [],
            "maintenance_options": [
              {
                "auto_recovery": "default"
              }
            ],
            "metadata_options": [
              {
                "http_endpoint": "enabled",
                "http_put_response_hop_limit": 1,
                "http_tokens": "optional",
                "instance_metadata_tags": "disabled"
              }
            ],
            "monitoring": false,
            "network_interface": [],
            "outpost_arn": "",
            "password_data": "",
            "placement_group": "",
            "placement_partition_number": null,
            "primary_network_interface_id": "eni-07146a9fe6ddab9c8",
            "private_dns": "ip-192-168-0-183.eu-west-2.compute.internal",
            "private_dns_name_options": [
              {
                "enable_resource_name_dns_a_record": false,
                "enable_resource_name_dns_aaaa_record": false,
                "hostname_type": "ip-name"
              }
            ],
            "private_ip": "192.168.0.183",
            "public_dns": "ec2-35-178-201-16.eu-west-2.compute.amazonaws.com",
            "public_ip": "35.178.201.16",
            "root_block_device": [
              {
                "delete_on_termination": true,
                "device_name": "/dev/xvda",
                "encrypted": false,
                "iops": 100,
                "kms_key_id": "",
                "tags": {},
                "throughput": 0,
                "volume_id": "vol-073d71ef5c9fa4265",
                "volume_size": 8,
                "volume_type": "gp2"
              }
            ],
            "secondary_private_ips": [],
            "security_groups": [],
            "source_dest_check": true,
            "subnet_id": "subnet-0ef83416dfc8c173c",
            "tags": {
              "Env": "test",
              "Name": "cdn-pop-dublin",
              "Region": "dublin"
            },
            "tags_all": {
              "Env": "test",
              "Name": "cdn-pop-dublin",
              "Region": "dublin"
            },
            "tenancy": "default",
            "timeouts": null,
            "user_data": null,
            "user_data_base64": null,
            "user_data_replace_on_change": false,
            "volume_tags": null,
            "vpc_security_group_ids": [
              "sg-0e9d9471e1cdd44c0"
            ]
          },
          "sensitive_attributes": [],
          "private": "eyJlMmJmYjczMC1lY2FhLTExZTYtOGY4OC0zNDM2M2JjN2M0YzAiOnsiY3JlYXRlIjo2MDAwMDAwMDAwMDAsImRlbGV0ZSI6MTIwMDAwMDAwMDAwMCwidXBkYXRlIjo2MDAwMDAwMDAwMDB9LCJzY2hlbWFfdmVyc2lvbiI6IjEifQ==",
          "dependencies": [
            "aws_key_pair.cdn-pop-pub-key-pair",
            "aws_security_group.DIYCDN_POP_sg",
            "aws_subnet.dublin-public-subnet",
            "aws_vpc.DIYCDN_POP_vpc"
          ]
        },
        {
          "index_key": 1,
          "schema_version": 1,
          "attributes": {
            "ami": "ami-03ac5a9b225e99b02",
            "arn": "arn:aws:ec2:eu-west-2:878760020695:instance/i-0b72ff8797890fbcb",
            "associate_public_ip_address": true,
            "availability_zone": "eu-west-2a",
            "capacity_reservation_specification": [
              {
                "capacity_reservation_preference": "open",
                "capacity_reservation_target": []
              }
            ],
            "cpu_core_count": 1,
            "cpu_threads_per_core": 2,
            "credit_specification": [
              {
                "cpu_credits": "unlimited"
              }
            ],
            "disable_api_stop": false,
            "disable_api_termination": false,
            "ebs_block_device": [],
            "ebs_optimized": false,
            "enclave_options": [
              {
                "enabled": false
              }
            ],
            "ephemeral_block_device": [],
            "get_password_data": false,
            "hibernation": false,
            "host_id": null,
            "iam_instance_profile": "",
            "id": "i-0b72ff8797890fbcb",
            "instance_initiated_shutdown_behavior": "stop",
            "instance_state": "running",
            "instance_type": "t3a.micro",
            "ipv6_address_count": 0,
            "ipv6_addresses": [],
            "key_name": "cdn-pop-eu-west-2-key",
            "launch_template": [],
            "maintenance_options": [
              {
                "auto_recovery": "default"
              }
            ],
            "metadata_options": [
              {
                "http_endpoint": "enabled",
                "http_put_response_hop_limit": 1,
                "http_tokens": "optional",
                "instance_metadata_tags": "disabled"
              }
            ],
            "monitoring": false,
            "network_interface": [],
            "outpost_arn": "",
            "password_data": "",
            "placement_group": "",
            "placement_partition_number": null,
            "primary_network_interface_id": "eni-01ee8f71d61de536c",
            "private_dns": "ip-192-168-0-121.eu-west-2.compute.internal",
            "private_dns_name_options": [
              {
                "enable_resource_name_dns_a_record": false,
                "enable_resource_name_dns_aaaa_record": false,
                "hostname_type": "ip-name"
              }
            ],
            "private_ip": "192.168.0.121",
            "public_dns": "ec2-18-134-228-180.eu-west-2.compute.amazonaws.com",
            "public_ip": "18.134.228.180",
            "root_block_device": [
              {
                "delete_on_termination": true,
                "device_name": "/dev/xvda",
                "encrypted": false,
                "iops": 100,
                "kms_key_id": "",
                "tags": {},
                "throughput": 0,
                "volume_id": "vol-01ecf18cc029e40d1",
                "volume_size": 8,
                "volume_type": "gp2"
              }
            ],
            "secondary_private_ips": [],
            "security_groups": [],
            "source_dest_check": true,
            "subnet_id": "subnet-0ef83416dfc8c173c",
            "tags": {
              "Env": "test",
              "Name": "cdn-pop-dublin",
              "Region": "dublin"
            },
            "tags_all": {
              "Env": "test",
              "Name": "cdn-pop-dublin",
              "Region": "dublin"
            },
            "tenancy": "default",
            "timeouts": null,
            "user_data": null,
            "user_data_base64": null,
            "user_data_replace_on_change": false,
            "volume_tags": null,
            "vpc_security_group_ids": [
              "sg-0e9d9471e1cdd44c0"
            ]
          },
          "sensitive_attributes": [],
          "private": "eyJlMmJmYjczMC1lY2FhLTExZTYtOGY4OC0zNDM2M2JjN2M0YzAiOnsiY3JlYXRlIjo2MDAwMDAwMDAwMDAsImRlbGV0ZSI6MTIwMDAwMDAwMDAwMCwidXBkYXRlIjo2MDAwMDAwMDAwMDB9LCJzY2hlbWFfdmVyc2lvbiI6IjEifQ==",
          "dependencies": [
            "aws_key_pair.cdn-pop-pub-key-pair",
            "aws_security_group.DIYCDN_POP_sg",
            "aws_subnet.dublin-public-subnet",
            "aws_vpc.DIYCDN_POP_vpc"
          ]
        }
      ]
    },
    {
      "mode": "managed",
      "type": "aws_internet_gateway",
      "name": "DIYCDN_POP_igw",
      "provider": "provider[\"registry.terraform.io/hashicorp/aws\"]",
      "instances": [
        {
          "schema_version": 0,
          "attributes": {
            "arn": "arn:aws:ec2:eu-west-2:878760020695:internet-gateway/igw-0858474a2920f24e2",
            "id": "igw-0858474a2920f24e2",
            "owner_id": "878760020695",
            "tags": {
              "Environment": "DIYCDN_POP_vpc"
            },
            "tags_all": {
              "Environment": "DIYCDN_POP_vpc"
            },
            "timeouts": null,
            "vpc_id": "vpc-0893ff86419e4b6ac"
          },
          "sensitive_attributes": [],
          "private": "eyJlMmJmYjczMC1lY2FhLTExZTYtOGY4OC0zNDM2M2JjN2M0YzAiOnsiY3JlYXRlIjoxMjAwMDAwMDAwMDAwLCJkZWxldGUiOjEyMDAwMDAwMDAwMDAsInVwZGF0ZSI6MTIwMDAwMDAwMDAwMH19",
          "dependencies": [
            "aws_vpc.DIYCDN_POP_vpc"
          ]
        }
      ]
    },
    {
      "mode": "managed",
      "type": "aws_key_pair",
      "name": "cdn-pop-pub-key-pair",
      "provider": "provider[\"registry.terraform.io/hashicorp/aws\"]",
      "instances": [
        {
          "schema_version": 1,
          "attributes": {
            "arn": "arn:aws:ec2:eu-west-2:878760020695:key-pair/cdn-pop-eu-west-2-key",
            "fingerprint": "cd:d0:b6:6e:d9:00:b8:e1:07:3e:2c:4b:ae:1b:18:06",
            "id": "cdn-pop-eu-west-2-key",
            "key_name": "cdn-pop-eu-west-2-key",
            "key_name_prefix": "",
            "key_pair_id": "key-0cab6c8acc6a9ea66",
            "key_type": "rsa",
            "public_key": "ssh-rsa AAAAB3NzaC1yc2EAAAADAQABAAACAQDLL+NSfXzAu2bADB9KYXByYr2IJX0BQTYGyc+js79JRX7BlWTzrgrvbBPtE0WHJtYaZnQuz1iQFVT05WUeqhwDndBSTLZEnMOqVzDuGqWSBVSCNFPnusNdnmpIcrQV0YHuAGe4BFPeWv5VfREhUJ2x9Un+fnYqTLnURwvAbaBDCRz0sqZZGXlE5BjscA96M6LlCsqYFzw6qeNtnGAWgL1hrCDuB3TPRPmwlQR1BExBYIria1nSZFfUBqOecbPksMClyxrDJJAmckR9a06WFy0pxUAAPvGXtcei65S1wbfx5W0Va7e2MJGBOoA3nchmUxpFluZ7nviDDLxo0TlKFJxgKs9TPx5jh0u3G5HWEaTZod5t99MRm9SJgRHpUGkoHAFLQg0PjuFrbWa/p2BxQGYUtgVkx0HJoxuSMQLGNA16zA3py9J7yUPyzMPylKVKvEsWHksjE9XydEO+p+1hCyO3TOum4TK3eiCCtCZocNjx7qWbBo+e2POxf8GpqaI1Iwi47kRkLazjf6GiJnMYm4eke/dinh58ciICleXr0Vhcb5oKHLkayE7OIJg/W0iqfDCBR8dqj5yNY3HXFuN3s5qs4qocAlBSjBD5SgxF/crPtuyGXSSIb8SHbiQSqpfXGmsaKRG3ofVQR+5ZBnvKMkm8oDQl6hlnyMIBW/Kr/uFmaQ== balinderwalia@Balinders-MacBook-Pro.local",
            "tags": null,
            "tags_all": {}
          },
          "sensitive_attributes": [],
          "private": "eyJzY2hlbWFfdmVyc2lvbiI6IjEifQ=="
        }
      ]
    },
    {
      "mode": "managed",
      "type": "aws_route_table",
      "name": "DIYCDN_POP_route_public",
      "provider": "provider[\"registry.terraform.io/hashicorp/aws\"]",
      "instances": [
        {
          "schema_version": 0,
          "attributes": {
            "arn": "arn:aws:ec2:eu-west-2:878760020695:route-table/rtb-05925afc20e60f8f2",
            "id": "rtb-05925afc20e60f8f2",
            "owner_id": "878760020695",
            "propagating_vgws": [],
            "route": [
              {
                "carrier_gateway_id": "",
                "cidr_block": "0.0.0.0/0",
                "core_network_arn": "",
                "destination_prefix_list_id": "",
                "egress_only_gateway_id": "",
                "gateway_id": "igw-0858474a2920f24e2",
                "instance_id": "",
                "ipv6_cidr_block": "",
                "local_gateway_id": "",
                "nat_gateway_id": "",
                "network_interface_id": "",
                "transit_gateway_id": "",
                "vpc_endpoint_id": "",
                "vpc_peering_connection_id": ""
              }
            ],
            "tags": {
              "Name": "DIYCDN_POP_route_public"
            },
            "tags_all": {
              "Name": "DIYCDN_POP_route_public"
            },
            "timeouts": null,
            "vpc_id": "vpc-0893ff86419e4b6ac"
          },
          "sensitive_attributes": [],
          "private": "eyJlMmJmYjczMC1lY2FhLTExZTYtOGY4OC0zNDM2M2JjN2M0YzAiOnsiY3JlYXRlIjozMDAwMDAwMDAwMDAsImRlbGV0ZSI6MzAwMDAwMDAwMDAwLCJ1cGRhdGUiOjEyMDAwMDAwMDAwMH19",
          "dependencies": [
            "aws_internet_gateway.DIYCDN_POP_igw",
            "aws_vpc.DIYCDN_POP_vpc"
          ]
        }
      ]
    },
    {
      "mode": "managed",
      "type": "aws_route_table_association",
      "name": "DIYCDN_POP_route_assoc_public",
      "provider": "provider[\"registry.terraform.io/hashicorp/aws\"]",
      "instances": [
        {
          "schema_version": 0,
          "attributes": {
            "gateway_id": "",
            "id": "rtbassoc-02d2cf7d87253c6ac",
            "route_table_id": "rtb-05925afc20e60f8f2",
            "subnet_id": "subnet-0ef83416dfc8c173c"
          },
          "sensitive_attributes": [],
          "private": "bnVsbA==",
          "dependencies": [
            "aws_internet_gateway.DIYCDN_POP_igw",
            "aws_route_table.DIYCDN_POP_route_public",
            "aws_subnet.dublin-public-subnet",
            "aws_vpc.DIYCDN_POP_vpc"
          ]
        }
      ]
    },
    {
      "mode": "managed",
      "type": "aws_security_group",
      "name": "DIYCDN_POP_sg",
      "provider": "provider[\"registry.terraform.io/hashicorp/aws\"]",
      "instances": [
        {
          "schema_version": 1,
          "attributes": {
            "arn": "arn:aws:ec2:eu-west-2:878760020695:security-group/sg-0e9d9471e1cdd44c0",
            "description": "Managed by Terraform",
            "egress": [
              {
                "cidr_blocks": [
                  "0.0.0.0/0"
                ],
                "description": "",
                "from_port": 0,
                "ipv6_cidr_blocks": [],
                "prefix_list_ids": [],
                "protocol": "-1",
                "security_groups": [],
                "self": false,
                "to_port": 0
              }
            ],
            "id": "sg-0e9d9471e1cdd44c0",
            "ingress": [
              {
                "cidr_blocks": [
                  "0.0.0.0/0"
                ],
                "description": "",
                "from_port": 22,
                "ipv6_cidr_blocks": [],
                "prefix_list_ids": [],
                "protocol": "tcp",
                "security_groups": [],
                "self": false,
                "to_port": 22
              },
              {
                "cidr_blocks": [
                  "0.0.0.0/0"
                ],
                "description": "",
                "from_port": 3333,
                "ipv6_cidr_blocks": [],
                "prefix_list_ids": [],
                "protocol": "tcp",
                "security_groups": [],
                "self": false,
                "to_port": 3333
              },
              {
                "cidr_blocks": [
                  "0.0.0.0/0"
                ],
                "description": "",
                "from_port": 80,
                "ipv6_cidr_blocks": [],
                "prefix_list_ids": [],
                "protocol": "tcp",
                "security_groups": [],
                "self": false,
                "to_port": 80
              },
              {
                "cidr_blocks": [
                  "0.0.0.0/0"
                ],
                "description": "",
                "from_port": 8333,
                "ipv6_cidr_blocks": [],
                "prefix_list_ids": [],
                "protocol": "tcp",
                "security_groups": [],
                "self": false,
                "to_port": 8333
              },
              {
                "cidr_blocks": [
                  "0.0.0.0/0"
                ],
                "description": "",
                "from_port": 8888,
                "ipv6_cidr_blocks": [],
                "prefix_list_ids": [],
                "protocol": "tcp",
                "security_groups": [],
                "self": false,
                "to_port": 8888
              }
            ],
            "name": "terraform-20220817123550818900000001",
            "name_prefix": "terraform-",
            "owner_id": "878760020695",
            "revoke_rules_on_delete": false,
            "tags": {
              "API": "Allowed",
              "HTTP": "Allowed",
              "SSH": "Allowed"
            },
            "tags_all": {
              "API": "Allowed",
              "HTTP": "Allowed",
              "SSH": "Allowed"
            },
            "timeouts": null,
            "vpc_id": "vpc-0893ff86419e4b6ac"
          },
          "sensitive_attributes": [],
          "private": "eyJlMmJmYjczMC1lY2FhLTExZTYtOGY4OC0zNDM2M2JjN2M0YzAiOnsiY3JlYXRlIjo2MDAwMDAwMDAwMDAsImRlbGV0ZSI6OTAwMDAwMDAwMDAwfSwic2NoZW1hX3ZlcnNpb24iOiIxIn0=",
          "dependencies": [
            "aws_vpc.DIYCDN_POP_vpc"
          ]
        }
      ]
    },
    {
      "mode": "managed",
      "type": "aws_subnet",
      "name": "dublin-public-subnet",
      "provider": "provider[\"registry.terraform.io/hashicorp/aws\"]",
      "instances": [
        {
          "schema_version": 1,
          "attributes": {
            "arn": "arn:aws:ec2:eu-west-2:878760020695:subnet/subnet-0ef83416dfc8c173c",
            "assign_ipv6_address_on_creation": false,
            "availability_zone": "eu-west-2a",
            "availability_zone_id": "euw2-az2",
            "cidr_block": "192.168.0.0/24",
            "customer_owned_ipv4_pool": "",
            "enable_dns64": false,
            "enable_resource_name_dns_a_record_on_launch": false,
            "enable_resource_name_dns_aaaa_record_on_launch": false,
            "id": "subnet-0ef83416dfc8c173c",
            "ipv6_cidr_block": "",
            "ipv6_cidr_block_association_id": "",
            "ipv6_native": false,
            "map_customer_owned_ip_on_launch": false,
            "map_public_ip_on_launch": true,
            "outpost_arn": "",
            "owner_id": "878760020695",
            "private_dns_hostname_type_on_launch": "ip-name",
            "tags": {
              "Name": "dublin-public-subnet"
            },
            "tags_all": {
              "Name": "dublin-public-subnet"
            },
            "timeouts": null,
            "vpc_id": "vpc-0893ff86419e4b6ac"
          },
          "sensitive_attributes": [],
          "private": "eyJlMmJmYjczMC1lY2FhLTExZTYtOGY4OC0zNDM2M2JjN2M0YzAiOnsiY3JlYXRlIjo2MDAwMDAwMDAwMDAsImRlbGV0ZSI6MTIwMDAwMDAwMDAwMH0sInNjaGVtYV92ZXJzaW9uIjoiMSJ9",
          "dependencies": [
            "aws_vpc.DIYCDN_POP_vpc"
          ]
        }
      ]
    },
    {
      "mode": "managed",
      "type": "aws_vpc",
      "name": "DIYCDN_POP_vpc",
      "provider": "provider[\"registry.terraform.io/hashicorp/aws\"]",
      "instances": [
        {
          "schema_version": 1,
          "attributes": {
            "arn": "arn:aws:ec2:eu-west-2:878760020695:vpc/vpc-0893ff86419e4b6ac",
            "assign_generated_ipv6_cidr_block": false,
            "cidr_block": "192.168.0.0/16",
            "default_network_acl_id": "acl-04d04e58e38352ec5",
            "default_route_table_id": "rtb-0d63c1297a6693191",
            "default_security_group_id": "sg-091afa74cf40561c0",
            "dhcp_options_id": "dopt-f10eed98",
            "enable_classiclink": false,
            "enable_classiclink_dns_support": false,
            "enable_dns_hostnames": true,
            "enable_dns_support": true,
            "id": "vpc-0893ff86419e4b6ac",
            "instance_tenancy": "default",
            "ipv4_ipam_pool_id": null,
            "ipv4_netmask_length": null,
            "ipv6_association_id": "",
            "ipv6_cidr_block": "",
            "ipv6_cidr_block_network_border_group": "",
            "ipv6_ipam_pool_id": "",
            "ipv6_netmask_length": 0,
            "main_route_table_id": "rtb-0d63c1297a6693191",
            "owner_id": "878760020695",
            "tags": {
              "Name": "DIYCDN_POP_vpc"
            },
            "tags_all": {
              "Name": "DIYCDN_POP_vpc"
            }
          },
          "sensitive_attributes": [],
          "private": "eyJzY2hlbWFfdmVyc2lvbiI6IjEifQ=="
        }
      ]
    }
  ]
}
